
Microsoft Visual Studio Solution File, Format Version 12.00
# Visual Studio Version 17
VisualStudioVersion = 17.11.35208.52
MinimumVisualStudioVersion = 10.0.40219.1
Project("{FAE04EC0-301F-11D3-BF4B-00C04F79EFBC}") = "Bookstore", "Bookstore.csproj", "{ADFE765D-61EF-4419-8408-F0D50682D480}"
EndProject
Global
	GlobalSection(SolutionConfigurationPlatforms) = preSolution
		Debug|Any CPU = Debug|Any CPU
		Release|Any CPU = Release|Any CPU
	EndGlobalSection
	GlobalSection(ProjectConfigurationPlatforms) = postSolution
		{ADFE765D-61EF-4419-8408-F0D50682D480}.Debug|Any CPU.ActiveCfg = Debug|Any CPU
		{ADFE765D-61EF-4419-8408-F0D50682D480}.Debug|Any CPU.Build.0 = Debug|Any CPU
		{ADFE765D-61EF-4419-8408-F0D50682D480}.Release|Any CPU.ActiveCfg = Release|Any CPU
		{ADFE765D-61EF-4419-8408-F0D50682D480}.Release|Any CPU.Build.0 = Release|Any CPU
	EndGlobalSection
	GlobalSection(SolutionProperties) = preSolution
		HideSolutionNode = FALSE
	EndGlobalSection
	GlobalSection(ExtensibilityGlobals) = postSolution
		SolutionGuid = {5FB026FC-BF3A-4504-8453-44C51BDB0D7B}
	EndGlobalSection
EndGlobal
